
Microsoft Visual Studio Solution File, Format Version 12.00
# Visual Studio 2012
Project("{F2A71F9B-5D33-465A-A702-920D77279786}") = "Tim.TryFSharp.Test", "Tim.TryFSharp.Test\Tim.TryFSharp.Test.fsproj", "{2C8FF113-8B5F-4B4C-9D8B-B0004D62BBC3}"
EndProject
Project("{F2A71F9B-5D33-465A-A702-920D77279786}") = "Tim.TryFSharp.Service", "Tim.TryFSharp.Service\Tim.TryFSharp.Service.fsproj", "{6FE751EA-3126-4A75-BC77-DAF43AA8274F}"
EndProject
Project("{F2A71F9B-5D33-465A-A702-920D77279786}") = "Tim.TryFSharp.Core", "Tim.TryFSharp.Core\Tim.TryFSharp.Core.fsproj", "{5D850E2F-6B96-4B22-9672-9507763E632D}"
EndProject
Project("{F2A71F9B-5D33-465A-A702-920D77279786}") = "Tim.TryFSharp.AppHarbor", "Tim.TryFSharp.AppHarbor\Tim.TryFSharp.AppHarbor.fsproj", "{5D7F0A15-9899-4419-9501-42BAC2DDCD6C}"
EndProject
Project("{F2A71F9B-5D33-465A-A702-920D77279786}") = "Tim.TryFSharp.Interactive", "Tim.TryFSharp.Interactive\Tim.TryFSharp.Interactive.fsproj", "{FB2CA886-DF2C-4ED1-920F-70136E1CDDA4}"
EndProject
Global
	GlobalSection(SolutionConfigurationPlatforms) = preSolution
		Debug|x86 = Debug|x86
		Release|x86 = Release|x86
	EndGlobalSection
	GlobalSection(ProjectConfigurationPlatforms) = postSolution
		{2C8FF113-8B5F-4B4C-9D8B-B0004D62BBC3}.Debug|x86.ActiveCfg = Debug|x86
		{2C8FF113-8B5F-4B4C-9D8B-B0004D62BBC3}.Debug|x86.Build.0 = Debug|x86
		{2C8FF113-8B5F-4B4C-9D8B-B0004D62BBC3}.Release|x86.ActiveCfg = Release|x86
		{2C8FF113-8B5F-4B4C-9D8B-B0004D62BBC3}.Release|x86.Build.0 = Release|x86
		{6FE751EA-3126-4A75-BC77-DAF43AA8274F}.Debug|x86.ActiveCfg = Debug|x86
		{6FE751EA-3126-4A75-BC77-DAF43AA8274F}.Debug|x86.Build.0 = Debug|x86
		{6FE751EA-3126-4A75-BC77-DAF43AA8274F}.Release|x86.ActiveCfg = Release|x86
		{6FE751EA-3126-4A75-BC77-DAF43AA8274F}.Release|x86.Build.0 = Release|x86
		{5D850E2F-6B96-4B22-9672-9507763E632D}.Debug|x86.ActiveCfg = Debug|Any CPU
		{5D850E2F-6B96-4B22-9672-9507763E632D}.Debug|x86.Build.0 = Debug|Any CPU
		{5D850E2F-6B96-4B22-9672-9507763E632D}.Release|x86.ActiveCfg = Release|Any CPU
		{5D850E2F-6B96-4B22-9672-9507763E632D}.Release|x86.Build.0 = Release|Any CPU
		{5D7F0A15-9899-4419-9501-42BAC2DDCD6C}.Debug|x86.ActiveCfg = Debug|x86
		{5D7F0A15-9899-4419-9501-42BAC2DDCD6C}.Debug|x86.Build.0 = Debug|x86
		{5D7F0A15-9899-4419-9501-42BAC2DDCD6C}.Release|x86.ActiveCfg = Release|x86
		{5D7F0A15-9899-4419-9501-42BAC2DDCD6C}.Release|x86.Build.0 = Release|x86
		{FB2CA886-DF2C-4ED1-920F-70136E1CDDA4}.Debug|x86.ActiveCfg = Debug|x86
		{FB2CA886-DF2C-4ED1-920F-70136E1CDDA4}.Debug|x86.Build.0 = Debug|x86
		{FB2CA886-DF2C-4ED1-920F-70136E1CDDA4}.Release|x86.ActiveCfg = Release|x86
		{FB2CA886-DF2C-4ED1-920F-70136E1CDDA4}.Release|x86.Build.0 = Release|x86
	EndGlobalSection
	GlobalSection(SolutionProperties) = preSolution
		HideSolutionNode = FALSE
	EndGlobalSection
EndGlobal
