
Microsoft Visual Studio Solution File, Format Version 11.00
# Visual Studio 2010
Project("{FAE04EC0-301F-11D3-BF4B-00C04F79EFBC}") = "Tim.TryFSharp.Web", "Tim.TryFSharp.Web\Tim.TryFSharp.Web.csproj", "{218FD1F7-3592-4867-9C26-E03210464E9A}"
EndProject
Global
	GlobalSection(SolutionConfigurationPlatforms) = preSolution
		Debug|Any CPU = Debug|Any CPU
		Release|Any CPU = Release|Any CPU
	EndGlobalSection
	GlobalSection(ProjectConfigurationPlatforms) = postSolution
		{218FD1F7-3592-4867-9C26-E03210464E9A}.Debug|Any CPU.ActiveCfg = Debug|Any CPU
		{218FD1F7-3592-4867-9C26-E03210464E9A}.Debug|Any CPU.Build.0 = Debug|Any CPU
		{218FD1F7-3592-4867-9C26-E03210464E9A}.Release|Any CPU.ActiveCfg = Release|Any CPU
		{218FD1F7-3592-4867-9C26-E03210464E9A}.Release|Any CPU.Build.0 = Release|Any CPU
	EndGlobalSection
	GlobalSection(SolutionProperties) = preSolution
		HideSolutionNode = FALSE
	EndGlobalSection
EndGlobal
